{
  "nodes": {
    "awww": {
      "inputs": {
        "flake-compat": "flake-compat",
        "nixpkgs": [
          "nixpkgs"
        ],
        "rust-overlay": "rust-overlay"
      },
      "locked": {
        "lastModified": 1774191766,
        "narHash": "sha256-bvO+gfuUOVUiBEwAJ5A2RjpysPzCfyXD+DM8piOa1+4=",
        "ref": "refs/heads/main",
        "rev": "7a8fc2e646b97e5ae508a44d3449e3b41345d456",
        "revCount": 1336,
        "type": "git",
        "url": "https://codeberg.org/LGFae/awww"
      },
      "original": {
        "type": "git",
        "url": "https://codeberg.org/LGFae/awww"
      }
    },
    "flake-compat": {
      "flake": false,
      "locked": {
        "lastModified": 1761588595,
        "narHash": "sha256-XKUZz9zewJNUj46b4AJdiRZJAvSZ0Dqj2BNfXvFlJC4=",
        "owner": "edolstra",
        "repo": "flake-compat",
        "rev": "f387cd2afec9419c8ee37694406ca490c3f34ee5",
        "type": "github"
      },
      "original": {
        "owner": "edolstra",
        "repo": "flake-compat",
        "type": "github"
      }
    },
    "home-manager": {
      "inputs": {
        "nixpkgs": [
          "nixpkgs"
        ]
      },
      "locked": {
        "lastModified": 1775425411,
        "narHash": "sha256-KY6HsebJHEe5nHOWP7ur09mb0drGxYSzE3rQxy62rJo=",
        "owner": "nix-community",
        "repo": "home-manager",
        "rev": "0d02ec1d0a05f88ef9e74b516842900c41f0f2fe",
        "type": "github"
      },
      "original": {
        "owner": "nix-community",
        "ref": "release-25.11",
        "repo": "home-manager",
        "type": "github"
      }
    },
    "nbfc-linux": {
      "inputs": {
        "nixpkgs": [
          "nixpkgs"
        ],
        "utils": "utils"
      },
      "locked": {
        "lastModified": 1775727994,
        "narHash": "sha256-T9PebsJiM4Tfpf8LlN8hSShtdCXHodj+MNAHfDAD41M=",
        "owner": "nbfc-linux",
        "repo": "nbfc-linux",
        "rev": "60bf799641c803351037fbf7bac6e7ba66df2f8a",
        "type": "github"
      },
      "original": {
        "owner": "nbfc-linux",
        "repo": "nbfc-linux",
        "type": "github"
      }
    },
    "nixpkgs": {
      "locked": {
        "lastModified": 1775595990,
        "narHash": "sha256-OEf7YqhF9IjJFYZJyuhAypgU+VsRB5lD4DuiMws5Ltc=",
        "owner": "nixos",
        "repo": "nixpkgs",
        "rev": "4e92bbcdb030f3b4782be4751dc08e6b6cb6ccf2",
        "type": "github"
      },
      "original": {
        "owner": "nixos",
        "ref": "nixos-25.11",
        "repo": "nixpkgs",
        "type": "github"
      }
    },
    "nixpkgs-unstable": {
      "locked": {
        "lastModified": 1775423009,
        "narHash": "sha256-vPKLpjhIVWdDrfiUM8atW6YkIggCEKdSAlJPzzhkQlw=",
        "owner": "nixos",
        "repo": "nixpkgs",
        "rev": "68d8aa3d661f0e6bd5862291b5bb263b2a6595c9",
        "type": "github"
      },
      "original": {
        "owner": "nixos",
        "ref": "nixos-unstable",
        "repo": "nixpkgs",
        "type": "github"
      }
    },
    "quickshell": {
      "inputs": {
        "nixpkgs": [
          "nixpkgs"
        ]
      },
      "locked": {
        "lastModified": 1778222427,
        "narHash": "sha256-6GFiP611nEJvtm+m03sMyfaVIJ9QOCi//hS+PPKyyPA=",
        "ref": "refs/heads/master",
        "rev": "d1760ed1f31c02a95b37a9bf4084129c829ebe7f",
        "revCount": 817,
        "type": "git",
        "url": "https://git.outfoxxed.me/outfoxxed/quickshell"
      },
      "original": {
        "type": "git",
        "url": "https://git.outfoxxed.me/outfoxxed/quickshell"
      }
    },
    "root": {
      "inputs": {
        "awww": "awww",
        "home-manager": "home-manager",
        "nbfc-linux": "nbfc-linux",
        "nixpkgs": "nixpkgs",
        "nixpkgs-unstable": "nixpkgs-unstable",
        "quickshell": "quickshell",
        "zen-browser": "zen-browser"
      }
    },
    "rust-overlay": {
      "inputs": {
        "nixpkgs": [
          "awww",
          "nixpkgs"
        ]
      },
      "locked": {
        "lastModified": 1764038373,
        "narHash": "sha256-M6w2wNBRelcavoDAyFL2iO4NeWknD40ASkH1S3C0YGM=",
        "owner": "oxalica",
        "repo": "rust-overlay",
        "rev": "ab3536fe850211a96673c6ffb2cb88aab8071cc9",
        "type": "github"
      },
      "original": {
        "owner": "oxalica",
        "repo": "rust-overlay",
        "type": "github"
      }
    },
    "systems": {
      "locked": {
        "lastModified": 1681028828,
        "narHash": "sha256-Vy1rq5AaRuLzOxct8nz4T6wlgyUR7zLU309k9mBC768=",
        "owner": "nix-systems",
        "repo": "default",
        "rev": "da67096a3b9bf56a91d16901293e51ba5b49a27e",
        "type": "github"
      },
      "original": {
        "owner": "nix-systems",
        "repo": "default",
        "type": "github"
      }
    },
    "utils": {
      "inputs": {
        "systems": "systems"
      },
      "locked": {
        "lastModified": 1710146030,
        "narHash": "sha256-SZ5L6eA7HJ/nmkzGG7/ISclqe6oZdOZTNoesiInkXPQ=",
        "owner": "numtide",
        "repo": "flake-utils",
        "rev": "b1d9ab70662946ef0850d488da1c9019f3a9752a",
        "type": "github"
      },
      "original": {
        "owner": "numtide",
        "repo": "flake-utils",
        "type": "github"
      }
    },
    "zen-browser": {
      "inputs": {
        "nixpkgs": [
          "nixpkgs"
        ]
      },
      "locked": {
        "lastModified": 1775710180,
        "narHash": "sha256-sCokvdNvl8zIzsnjgG0TN5h3RUI7GJyWW9ErfmEj0rM=",
        "owner": "youwen5",
        "repo": "zen-browser-flake",
        "rev": "2c138beb648d1cbbfae76695a8230ee04e4db25a",
        "type": "github"
      },
      "original": {
        "owner": "youwen5",
        "repo": "zen-browser-flake",
        "type": "github"
      }
    }
  },
  "root": "root",
  "version": 7
}
