{
  "nodes": {
    "awww": {
      "inputs": {
        "flake-compat": "flake-compat",
        "nixpkgs": [
          "nixpkgs"
        ],
        "rust-overlay": "rust-overlay"
      },
      "locked": {
        "lastModified": 1766150267,
        "narHash": "sha256-LG+Q5yRZQ0WFO/XLWGtNGaR4XLiOgUZArEB4ZHl9sy0=",
        "ref": "refs/heads/main",
        "rev": "e52afbb27472935cc47ab2574ff7e9c22ddf7011",
        "revCount": 1325,
        "type": "git",
        "url": "https://codeberg.org/LGFae/awww"
      },
      "original": {
        "type": "git",
        "url": "https://codeberg.org/LGFae/awww"
      }
    },
    "flake-compat": {
      "flake": false,
      "locked": {
        "lastModified": 1761588595,
        "narHash": "sha256-XKUZz9zewJNUj46b4AJdiRZJAvSZ0Dqj2BNfXvFlJC4=",
        "owner": "edolstra",
        "repo": "flake-compat",
        "rev": "f387cd2afec9419c8ee37694406ca490c3f34ee5",
        "type": "github"
      },
      "original": {
        "owner": "edolstra",
        "repo": "flake-compat",
        "type": "github"
      }
    },
    "home-manager": {
      "inputs": {
        "nixpkgs": [
          "nixpkgs"
        ]
      },
      "locked": {
        "lastModified": 1766292113,
        "narHash": "sha256-sWTtmkQujRpjWYCnZc8LWdDiCzrRlSBPrGovkZpLkBI=",
        "owner": "nix-community",
        "repo": "home-manager",
        "rev": "fdec8815a86db36f42fc9c8cb2931cd8485f5aed",
        "type": "github"
      },
      "original": {
        "owner": "nix-community",
        "ref": "release-25.11",
        "repo": "home-manager",
        "type": "github"
      }
    },
    "nbfc-linux": {
      "inputs": {
        "nixpkgs": [
          "nixpkgs"
        ],
        "utils": "utils"
      },
      "locked": {
        "lastModified": 1766335996,
        "narHash": "sha256-h6K6zuRYyyIPqQGcxtS7g0xAeYaF1t5P6GXgLuqcKgw=",
        "owner": "nbfc-linux",
        "repo": "nbfc-linux",
        "rev": "149973cd13d261496c7d3d0232cce3c461bb3ec6",
        "type": "github"
      },
      "original": {
        "owner": "nbfc-linux",
        "repo": "nbfc-linux",
        "type": "github"
      }
    },
    "nixpkgs": {
      "locked": {
        "lastModified": 1766201043,
        "narHash": "sha256-eplAP+rorKKd0gNjV3rA6+0WMzb1X1i16F5m5pASnjA=",
        "owner": "nixos",
        "repo": "nixpkgs",
        "rev": "b3aad468604d3e488d627c0b43984eb60e75e782",
        "type": "github"
      },
      "original": {
        "owner": "nixos",
        "ref": "nixos-25.11",
        "repo": "nixpkgs",
        "type": "github"
      }
    },
    "nixpkgs-unstable": {
      "locked": {
        "lastModified": 1766070988,
        "narHash": "sha256-G/WVghka6c4bAzMhTwT2vjLccg/awmHkdKSd2JrycLc=",
        "owner": "nixos",
        "repo": "nixpkgs",
        "rev": "c6245e83d836d0433170a16eb185cefe0572f8b8",
        "type": "github"
      },
      "original": {
        "owner": "nixos",
        "ref": "nixos-unstable",
        "repo": "nixpkgs",
        "type": "github"
      }
    },
    "quickshell": {
      "inputs": {
        "nixpkgs": [
          "nixpkgs"
        ]
      },
      "locked": {
        "lastModified": 1766386896,
        "narHash": "sha256-1uql4y229Rh+/2da99OVNe6DfsjObukXkf60TYRCvhI=",
        "ref": "refs/heads/master",
        "rev": "3918290c1bcd93ed81291844d9f1ed146672dbfc",
        "revCount": 714,
        "type": "git",
        "url": "https://git.outfoxxed.me/outfoxxed/quickshell"
      },
      "original": {
        "type": "git",
        "url": "https://git.outfoxxed.me/outfoxxed/quickshell"
      }
    },
    "root": {
      "inputs": {
        "awww": "awww",
        "home-manager": "home-manager",
        "nbfc-linux": "nbfc-linux",
        "nixpkgs": "nixpkgs",
        "nixpkgs-unstable": "nixpkgs-unstable",
        "quickshell": "quickshell"
      }
    },
    "rust-overlay": {
      "inputs": {
        "nixpkgs": [
          "awww",
          "nixpkgs"
        ]
      },
      "locked": {
        "lastModified": 1764038373,
        "narHash": "sha256-M6w2wNBRelcavoDAyFL2iO4NeWknD40ASkH1S3C0YGM=",
        "owner": "oxalica",
        "repo": "rust-overlay",
        "rev": "ab3536fe850211a96673c6ffb2cb88aab8071cc9",
        "type": "github"
      },
      "original": {
        "owner": "oxalica",
        "repo": "rust-overlay",
        "type": "github"
      }
    },
    "systems": {
      "locked": {
        "lastModified": 1681028828,
        "narHash": "sha256-Vy1rq5AaRuLzOxct8nz4T6wlgyUR7zLU309k9mBC768=",
        "owner": "nix-systems",
        "repo": "default",
        "rev": "da67096a3b9bf56a91d16901293e51ba5b49a27e",
        "type": "github"
      },
      "original": {
        "owner": "nix-systems",
        "repo": "default",
        "type": "github"
      }
    },
    "utils": {
      "inputs": {
        "systems": "systems"
      },
      "locked": {
        "lastModified": 1710146030,
        "narHash": "sha256-SZ5L6eA7HJ/nmkzGG7/ISclqe6oZdOZTNoesiInkXPQ=",
        "owner": "numtide",
        "repo": "flake-utils",
        "rev": "b1d9ab70662946ef0850d488da1c9019f3a9752a",
        "type": "github"
      },
      "original": {
        "owner": "numtide",
        "repo": "flake-utils",
        "type": "github"
      }
    }
  },
  "root": "root",
  "version": 7
}
